
Microsoft Visual Studio Solution File, Format Version 12.00
# Visual Studio 2012
Project("{FAE04EC0-301F-11D3-BF4B-00C04F79EFBC}") = "test", "test\test.csproj", "{C72F27F1-69A3-4009-9A08-0E60E41345BA}"
EndProject
Project("{FAE04EC0-301F-11D3-BF4B-00C04F79EFBC}") = "test.iOS", "iOS\test.iOS.csproj", "{D2D96D50-969E-4E2F-9EAB-4B1F95E9D43E}"
EndProject
Project("{FAE04EC0-301F-11D3-BF4B-00C04F79EFBC}") = "test.Droid", "Droid\test.Droid.csproj", "{94B91C45-45A7-46A8-A585-1676D488DA04}"
EndProject
Global
	GlobalSection(SolutionConfigurationPlatforms) = preSolution
		Debug|Any CPU = Debug|Any CPU
		Release|Any CPU = Release|Any CPU
		Debug|iPhoneSimulator = Debug|iPhoneSimulator
		Release|iPhone = Release|iPhone
		Release|iPhoneSimulator = Release|iPhoneSimulator
		Debug|iPhone = Debug|iPhone
	EndGlobalSection
	GlobalSection(ProjectConfigurationPlatforms) = postSolution
		{94B91C45-45A7-46A8-A585-1676D488DA04}.Debug|Any CPU.ActiveCfg = Debug|Any CPU
		{94B91C45-45A7-46A8-A585-1676D488DA04}.Debug|Any CPU.Build.0 = Debug|Any CPU
		{94B91C45-45A7-46A8-A585-1676D488DA04}.Debug|iPhone.ActiveCfg = Debug|Any CPU
		{94B91C45-45A7-46A8-A585-1676D488DA04}.Debug|iPhone.Build.0 = Debug|Any CPU
		{94B91C45-45A7-46A8-A585-1676D488DA04}.Debug|iPhoneSimulator.ActiveCfg = Debug|Any CPU
		{94B91C45-45A7-46A8-A585-1676D488DA04}.Debug|iPhoneSimulator.Build.0 = Debug|Any CPU
		{94B91C45-45A7-46A8-A585-1676D488DA04}.Release|Any CPU.ActiveCfg = Release|Any CPU
		{94B91C45-45A7-46A8-A585-1676D488DA04}.Release|Any CPU.Build.0 = Release|Any CPU
		{94B91C45-45A7-46A8-A585-1676D488DA04}.Release|iPhone.ActiveCfg = Release|Any CPU
		{94B91C45-45A7-46A8-A585-1676D488DA04}.Release|iPhone.Build.0 = Release|Any CPU
		{94B91C45-45A7-46A8-A585-1676D488DA04}.Release|iPhoneSimulator.ActiveCfg = Release|Any CPU
		{94B91C45-45A7-46A8-A585-1676D488DA04}.Release|iPhoneSimulator.Build.0 = Release|Any CPU
		{C72F27F1-69A3-4009-9A08-0E60E41345BA}.Debug|Any CPU.ActiveCfg = Debug|Any CPU
		{C72F27F1-69A3-4009-9A08-0E60E41345BA}.Debug|Any CPU.Build.0 = Debug|Any CPU
		{C72F27F1-69A3-4009-9A08-0E60E41345BA}.Debug|iPhone.ActiveCfg = Debug|Any CPU
		{C72F27F1-69A3-4009-9A08-0E60E41345BA}.Debug|iPhone.Build.0 = Debug|Any CPU
		{C72F27F1-69A3-4009-9A08-0E60E41345BA}.Debug|iPhoneSimulator.ActiveCfg = Debug|Any CPU
		{C72F27F1-69A3-4009-9A08-0E60E41345BA}.Debug|iPhoneSimulator.Build.0 = Debug|Any CPU
		{C72F27F1-69A3-4009-9A08-0E60E41345BA}.Release|Any CPU.ActiveCfg = Release|Any CPU
		{C72F27F1-69A3-4009-9A08-0E60E41345BA}.Release|Any CPU.Build.0 = Release|Any CPU
		{C72F27F1-69A3-4009-9A08-0E60E41345BA}.Release|iPhone.ActiveCfg = Release|Any CPU
		{C72F27F1-69A3-4009-9A08-0E60E41345BA}.Release|iPhone.Build.0 = Release|Any CPU
		{C72F27F1-69A3-4009-9A08-0E60E41345BA}.Release|iPhoneSimulator.ActiveCfg = Release|Any CPU
		{C72F27F1-69A3-4009-9A08-0E60E41345BA}.Release|iPhoneSimulator.Build.0 = Release|Any CPU
		{D2D96D50-969E-4E2F-9EAB-4B1F95E9D43E}.Debug|Any CPU.ActiveCfg = Debug|iPhoneSimulator
		{D2D96D50-969E-4E2F-9EAB-4B1F95E9D43E}.Debug|Any CPU.Build.0 = Debug|iPhoneSimulator
		{D2D96D50-969E-4E2F-9EAB-4B1F95E9D43E}.Debug|iPhone.ActiveCfg = Debug|iPhone
		{D2D96D50-969E-4E2F-9EAB-4B1F95E9D43E}.Debug|iPhone.Build.0 = Debug|iPhone
		{D2D96D50-969E-4E2F-9EAB-4B1F95E9D43E}.Debug|iPhoneSimulator.ActiveCfg = Debug|iPhoneSimulator
		{D2D96D50-969E-4E2F-9EAB-4B1F95E9D43E}.Debug|iPhoneSimulator.Build.0 = Debug|iPhoneSimulator
		{D2D96D50-969E-4E2F-9EAB-4B1F95E9D43E}.Release|Any CPU.ActiveCfg = Release|iPhone
		{D2D96D50-969E-4E2F-9EAB-4B1F95E9D43E}.Release|Any CPU.Build.0 = Release|iPhone
		{D2D96D50-969E-4E2F-9EAB-4B1F95E9D43E}.Release|iPhone.ActiveCfg = Release|iPhone
		{D2D96D50-969E-4E2F-9EAB-4B1F95E9D43E}.Release|iPhone.Build.0 = Release|iPhone
		{D2D96D50-969E-4E2F-9EAB-4B1F95E9D43E}.Release|iPhoneSimulator.ActiveCfg = Release|iPhoneSimulator
		{D2D96D50-969E-4E2F-9EAB-4B1F95E9D43E}.Release|iPhoneSimulator.Build.0 = Release|iPhoneSimulator
	EndGlobalSection
EndGlobal
